
Microsoft Visual Studio Solution File, Format Version 12.00
# Visual Studio Version 16
VisualStudioVersion = 16.0.30611.23
MinimumVisualStudioVersion = 10.0.40219.1
Project("{9A19103F-16F7-4668-BE54-9A1E7A4F7556}") = "WOLF.Net", "WOLF.Net\WOLF.Net.csproj", "{1381AFD2-8889-4EB1-B7D5-C7DFDB0E29CA}"
EndProject
Project("{2150E333-8FDC-42A3-9474-1A3956D46DE8}") = "Solution Items", "Solution Items", "{25CD5893-6797-4EA2-A349-A61B5F901962}"
	ProjectSection(SolutionItems) = preProject
		.editorconfig = .editorconfig
	EndProjectSection
EndProject
Project("{FAE04EC0-301F-11D3-BF4B-00C04F79EFBC}") = "Wolf.Net.Example", "Wolf.Net.Example\Wolf.Net.Example.csproj", "{067231CD-3E1A-47E1-ABEC-C535649808C4}"
EndProject
Global
	GlobalSection(SolutionConfigurationPlatforms) = preSolution
		Debug|Any CPU = Debug|Any CPU
		Release|Any CPU = Release|Any CPU
	EndGlobalSection
	GlobalSection(ProjectConfigurationPlatforms) = postSolution
		{1381AFD2-8889-4EB1-B7D5-C7DFDB0E29CA}.Debug|Any CPU.ActiveCfg = Debug|Any CPU
		{1381AFD2-8889-4EB1-B7D5-C7DFDB0E29CA}.Debug|Any CPU.Build.0 = Debug|Any CPU
		{1381AFD2-8889-4EB1-B7D5-C7DFDB0E29CA}.Release|Any CPU.ActiveCfg = Release|Any CPU
		{1381AFD2-8889-4EB1-B7D5-C7DFDB0E29CA}.Release|Any CPU.Build.0 = Release|Any CPU
		{067231CD-3E1A-47E1-ABEC-C535649808C4}.Debug|Any CPU.ActiveCfg = Debug|Any CPU
		{067231CD-3E1A-47E1-ABEC-C535649808C4}.Debug|Any CPU.Build.0 = Debug|Any CPU
		{067231CD-3E1A-47E1-ABEC-C535649808C4}.Release|Any CPU.ActiveCfg = Release|Any CPU
		{067231CD-3E1A-47E1-ABEC-C535649808C4}.Release|Any CPU.Build.0 = Release|Any CPU
	EndGlobalSection
	GlobalSection(SolutionProperties) = preSolution
		HideSolutionNode = FALSE
	EndGlobalSection
	GlobalSection(ExtensibilityGlobals) = postSolution
		SolutionGuid = {D15E47C4-EA32-4BE1-9C60-736272727BD7}
	EndGlobalSection
EndGlobal
