
Microsoft Visual Studio Solution File, Format Version 12.00
# Visual Studio Version 16
VisualStudioVersion = 16.0.30611.23
MinimumVisualStudioVersion = 10.0.40219.1
Project("{9A19103F-16F7-4668-BE54-9A1E7A4F7556}") = "WOLF.Net", "WOLF.Net\WOLF.Net.csproj", "{1381AFD2-8889-4EB1-B7D5-C7DFDB0E29CA}"
EndProject
Project("{9A19103F-16F7-4668-BE54-9A1E7A4F7556}") = "WOLF.Net.Redis", "WOLF.Net.Redis\WOLF.Net.Redis.csproj", "{0E34D4D8-DAF3-49B8-A0E7-0C3E091F1B6D}"
EndProject
Project("{9A19103F-16F7-4668-BE54-9A1E7A4F7556}") = "WOLF.Net.Example.Translations", "WOLF.Net.Example.Translations\WOLF.Net.Example.Translations.csproj", "{F57337AD-7B0F-4A22-B6EE-D587608518D8}"
EndProject
Project("{9A19103F-16F7-4668-BE54-9A1E7A4F7556}") = "WOLF.Net.Examples.NoTranslations", "WOLF.Net.Examples.NoTranslations\WOLF.Net.Examples.NoTranslations.csproj", "{D125D566-642F-4449-B815-9889E9FEE32D}"
EndProject
Global
	GlobalSection(SolutionConfigurationPlatforms) = preSolution
		Debug|Any CPU = Debug|Any CPU
		Release|Any CPU = Release|Any CPU
	EndGlobalSection
	GlobalSection(ProjectConfigurationPlatforms) = postSolution
		{1381AFD2-8889-4EB1-B7D5-C7DFDB0E29CA}.Debug|Any CPU.ActiveCfg = Debug|Any CPU
		{1381AFD2-8889-4EB1-B7D5-C7DFDB0E29CA}.Debug|Any CPU.Build.0 = Debug|Any CPU
		{1381AFD2-8889-4EB1-B7D5-C7DFDB0E29CA}.Release|Any CPU.ActiveCfg = Release|Any CPU
		{1381AFD2-8889-4EB1-B7D5-C7DFDB0E29CA}.Release|Any CPU.Build.0 = Release|Any CPU
		{0E34D4D8-DAF3-49B8-A0E7-0C3E091F1B6D}.Debug|Any CPU.ActiveCfg = Debug|Any CPU
		{0E34D4D8-DAF3-49B8-A0E7-0C3E091F1B6D}.Debug|Any CPU.Build.0 = Debug|Any CPU
		{0E34D4D8-DAF3-49B8-A0E7-0C3E091F1B6D}.Release|Any CPU.ActiveCfg = Release|Any CPU
		{0E34D4D8-DAF3-49B8-A0E7-0C3E091F1B6D}.Release|Any CPU.Build.0 = Release|Any CPU
		{F57337AD-7B0F-4A22-B6EE-D587608518D8}.Debug|Any CPU.ActiveCfg = Debug|Any CPU
		{F57337AD-7B0F-4A22-B6EE-D587608518D8}.Debug|Any CPU.Build.0 = Debug|Any CPU
		{F57337AD-7B0F-4A22-B6EE-D587608518D8}.Release|Any CPU.ActiveCfg = Release|Any CPU
		{F57337AD-7B0F-4A22-B6EE-D587608518D8}.Release|Any CPU.Build.0 = Release|Any CPU
		{D125D566-642F-4449-B815-9889E9FEE32D}.Debug|Any CPU.ActiveCfg = Debug|Any CPU
		{D125D566-642F-4449-B815-9889E9FEE32D}.Debug|Any CPU.Build.0 = Debug|Any CPU
		{D125D566-642F-4449-B815-9889E9FEE32D}.Release|Any CPU.ActiveCfg = Release|Any CPU
		{D125D566-642F-4449-B815-9889E9FEE32D}.Release|Any CPU.Build.0 = Release|Any CPU
	EndGlobalSection
	GlobalSection(SolutionProperties) = preSolution
		HideSolutionNode = FALSE
	EndGlobalSection
	GlobalSection(ExtensibilityGlobals) = postSolution
		SolutionGuid = {D15E47C4-EA32-4BE1-9C60-736272727BD7}
	EndGlobalSection
EndGlobal
